
Microsoft Visual Studio Solution File, Format Version 12.00
# Visual Studio Version 16
VisualStudioVersion = 16.0.32126.315
MinimumVisualStudioVersion = 10.0.40219.1
Project("{FAE04EC0-301F-11D3-BF4B-00C04F79EFBC}") = "testdatabase", "testdatabase.csproj", "{D7A2FA35-6137-4D82-9A3B-07D49C8AAF0F}"
EndProject
Global
	GlobalSection(SolutionConfigurationPlatforms) = preSolution
		Debug|Any CPU = Debug|Any CPU
		Release|Any CPU = Release|Any CPU
	EndGlobalSection
	GlobalSection(ProjectConfigurationPlatforms) = postSolution
		{D7A2FA35-6137-4D82-9A3B-07D49C8AAF0F}.Debug|Any CPU.ActiveCfg = Debug|Any CPU
		{D7A2FA35-6137-4D82-9A3B-07D49C8AAF0F}.Debug|Any CPU.Build.0 = Debug|Any CPU
		{D7A2FA35-6137-4D82-9A3B-07D49C8AAF0F}.Release|Any CPU.ActiveCfg = Release|Any CPU
		{D7A2FA35-6137-4D82-9A3B-07D49C8AAF0F}.Release|Any CPU.Build.0 = Release|Any CPU
	EndGlobalSection
	GlobalSection(SolutionProperties) = preSolution
		HideSolutionNode = FALSE
	EndGlobalSection
	GlobalSection(ExtensibilityGlobals) = postSolution
		SolutionGuid = {7BFE1D97-12A1-4D39-A270-96B3EFE22867}
	EndGlobalSection
EndGlobal
